
Microsoft Visual Studio Solution File, Format Version 12.00
# Visual Studio Version 17
VisualStudioVersion = 17.13.35825.156 d17.13
MinimumVisualStudioVersion = 10.0.40219.1
Project("{FAE04EC0-301F-11D3-BF4B-00C04F79EFBC}") = "SampleProject", "SampleProject\SampleProject.csproj", "{2869349A-4757-4972-A883-2321C9A6EF95}"
EndProject
Global
	GlobalSection(SolutionConfigurationPlatforms) = preSolution
		Debug|Any CPU = Debug|Any CPU
		Release|Any CPU = Release|Any CPU
	EndGlobalSection
	GlobalSection(ProjectConfigurationPlatforms) = postSolution
		{2869349A-4757-4972-A883-2321C9A6EF95}.Debug|Any CPU.ActiveCfg = Debug|Any CPU
		{2869349A-4757-4972-A883-2321C9A6EF95}.Debug|Any CPU.Build.0 = Debug|Any CPU
		{2869349A-4757-4972-A883-2321C9A6EF95}.Release|Any CPU.ActiveCfg = Release|Any CPU
		{2869349A-4757-4972-A883-2321C9A6EF95}.Release|Any CPU.Build.0 = Release|Any CPU
	EndGlobalSection
	GlobalSection(SolutionProperties) = preSolution
		HideSolutionNode = FALSE
	EndGlobalSection
	GlobalSection(ExtensibilityGlobals) = postSolution
		SolutionGuid = {280ACEC2-CAE8-4EEE-8C69-06586A94D7AC}
	EndGlobalSection
EndGlobal
